
Microsoft Visual Studio Solution File, Format Version 12.00
# Visual Studio Version 17
VisualStudioVersion = 17.7.34009.444
MinimumVisualStudioVersion = 10.0.40219.1
Project("{9A19103F-16F7-4668-BE54-9A1E7A4F7556}") = "Application", "MediConnect Plus\Application.csproj", "{930465E7-9B9D-4DB8-9002-D8053A242B8D}"
EndProject
Project("{FAE04EC0-301F-11D3-BF4B-00C04F79EFBC}") = "Domain", "Domain\Domain.csproj", "{88EE40D2-BE42-458A-876D-BF6087F2A1C5}"
EndProject
Project("{FAE04EC0-301F-11D3-BF4B-00C04F79EFBC}") = "Data", "Application\Data.csproj", "{83C2C324-8C03-4038-A90C-99D50A344A4D}"
EndProject
Global
	GlobalSection(SolutionConfigurationPlatforms) = preSolution
		Debug|Any CPU = Debug|Any CPU
		Release|Any CPU = Release|Any CPU
	EndGlobalSection
	GlobalSection(ProjectConfigurationPlatforms) = postSolution
		{930465E7-9B9D-4DB8-9002-D8053A242B8D}.Debug|Any CPU.ActiveCfg = Debug|Any CPU
		{930465E7-9B9D-4DB8-9002-D8053A242B8D}.Debug|Any CPU.Build.0 = Debug|Any CPU
		{930465E7-9B9D-4DB8-9002-D8053A242B8D}.Release|Any CPU.ActiveCfg = Release|Any CPU
		{930465E7-9B9D-4DB8-9002-D8053A242B8D}.Release|Any CPU.Build.0 = Release|Any CPU
		{88EE40D2-BE42-458A-876D-BF6087F2A1C5}.Debug|Any CPU.ActiveCfg = Debug|Any CPU
		{88EE40D2-BE42-458A-876D-BF6087F2A1C5}.Debug|Any CPU.Build.0 = Debug|Any CPU
		{88EE40D2-BE42-458A-876D-BF6087F2A1C5}.Release|Any CPU.ActiveCfg = Release|Any CPU
		{88EE40D2-BE42-458A-876D-BF6087F2A1C5}.Release|Any CPU.Build.0 = Release|Any CPU
		{83C2C324-8C03-4038-A90C-99D50A344A4D}.Debug|Any CPU.ActiveCfg = Debug|Any CPU
		{83C2C324-8C03-4038-A90C-99D50A344A4D}.Debug|Any CPU.Build.0 = Debug|Any CPU
		{83C2C324-8C03-4038-A90C-99D50A344A4D}.Release|Any CPU.ActiveCfg = Release|Any CPU
		{83C2C324-8C03-4038-A90C-99D50A344A4D}.Release|Any CPU.Build.0 = Release|Any CPU
	EndGlobalSection
	GlobalSection(SolutionProperties) = preSolution
		HideSolutionNode = FALSE
	EndGlobalSection
	GlobalSection(ExtensibilityGlobals) = postSolution
		SolutionGuid = {C65A2D3B-A5F6-4AAD-BCC2-00B088889A78}
	EndGlobalSection
EndGlobal
